
Microsoft Visual Studio Solution File, Format Version 12.00
# Visual Studio Version 17
VisualStudioVersion = 17.14.36203.30
MinimumVisualStudioVersion = 10.0.40219.1
Project("{FAE04EC0-301F-11D3-BF4B-00C04F79EFBC}") = "HotelService.ClientApi", "HotelService.ClientApi\HotelService.ClientApi.csproj", "{1C2AF9DE-0BF9-4F27-A59A-D3C8E8184BE4}"
EndProject
Project("{2150E333-8FDC-42A3-9474-1A3956D46DE8}") = "Client", "Client", "{02EA681E-C7D8-13C7-8484-4AC65E1B71E8}"
EndProject
Project("{2150E333-8FDC-42A3-9474-1A3956D46DE8}") = "Reservation", "Reservation", "{DCFDC169-ECD4-4043-84F6-EE85569CCCD7}"
EndProject
Project("{FAE04EC0-301F-11D3-BF4B-00C04F79EFBC}") = "HotelService.Reservation.CrossCutting", "HotelService.Reservation.CrossCutting\HotelService.Reservation.CrossCutting.csproj", "{59B024EB-DFB1-483A-8494-866463812F3A}"
EndProject
Project("{FAE04EC0-301F-11D3-BF4B-00C04F79EFBC}") = "HotelService.Reservation.Storage", "HotelService.Reservation.Storage\HotelService.Reservation.Storage.csproj", "{8383F554-737F-4DCC-AECB-7137A683328A}"
EndProject
Project("{FAE04EC0-301F-11D3-BF4B-00C04F79EFBC}") = "HotelService.ReservationApi", "HotelService.ReservationApi\HotelService.ReservationApi.csproj", "{4F3B3F3E-19C6-4673-A267-C6005D74876D}"
EndProject
Project("{FAE04EC0-301F-11D3-BF4B-00C04F79EFBC}") = "HotelService.Client.Storage", "HotelService.Client.Storage\HotelService.Client.Storage.csproj", "{BDFBA6F0-4E65-4A21-B93D-5D59C8CB20C9}"
EndProject
Project("{FAE04EC0-301F-11D3-BF4B-00C04F79EFBC}") = "HotelService.Client.CrossCutting", "HotelService.Client.CrossCutting\HotelService.Client.CrossCutting.csproj", "{BCA67152-13D8-459C-B154-F25B4757425C}"
EndProject
Project("{2150E333-8FDC-42A3-9474-1A3956D46DE8}") = "Promotion", "Promotion", "{F14B3646-1A42-443D-9EBD-17FEDB5E8307}"
EndProject
Project("{FAE04EC0-301F-11D3-BF4B-00C04F79EFBC}") = "HotelService.Promotion.Storage", "HotelService.Promotion.Storage\HotelService.Promotion.Storage.csproj", "{16C8EF0A-8EF6-4311-B0B2-585DFBEB0359}"
EndProject
Project("{FAE04EC0-301F-11D3-BF4B-00C04F79EFBC}") = "HotelService.Promotion.CrossCutting", "HotelService.Promotion.CrossCutting\HotelService.Promotion.CrossCutting.csproj", "{569710D7-AFCC-4D64-A89D-330648B21929}"
EndProject
Project("{FAE04EC0-301F-11D3-BF4B-00C04F79EFBC}") = "HotelService.PromotionApi", "HotelService.PromotionApi\HotelService.PromotionApi.csproj", "{3C5BC655-3DD4-4A5A-8767-A59BE3DBBD23}"
EndProject
Project("{FAE04EC0-301F-11D3-BF4B-00C04F79EFBC}") = "UnitTests", "UnitTests\UnitTests.csproj", "{ECCB571D-E55C-401D-82E5-7C828AA42012}"
EndProject
Global
	GlobalSection(SolutionConfigurationPlatforms) = preSolution
		Debug|Any CPU = Debug|Any CPU
		Release|Any CPU = Release|Any CPU
	EndGlobalSection
	GlobalSection(ProjectConfigurationPlatforms) = postSolution
		{1C2AF9DE-0BF9-4F27-A59A-D3C8E8184BE4}.Debug|Any CPU.ActiveCfg = Debug|Any CPU
		{1C2AF9DE-0BF9-4F27-A59A-D3C8E8184BE4}.Debug|Any CPU.Build.0 = Debug|Any CPU
		{1C2AF9DE-0BF9-4F27-A59A-D3C8E8184BE4}.Release|Any CPU.ActiveCfg = Release|Any CPU
		{1C2AF9DE-0BF9-4F27-A59A-D3C8E8184BE4}.Release|Any CPU.Build.0 = Release|Any CPU
		{59B024EB-DFB1-483A-8494-866463812F3A}.Debug|Any CPU.ActiveCfg = Debug|Any CPU
		{59B024EB-DFB1-483A-8494-866463812F3A}.Debug|Any CPU.Build.0 = Debug|Any CPU
		{59B024EB-DFB1-483A-8494-866463812F3A}.Release|Any CPU.ActiveCfg = Release|Any CPU
		{59B024EB-DFB1-483A-8494-866463812F3A}.Release|Any CPU.Build.0 = Release|Any CPU
		{8383F554-737F-4DCC-AECB-7137A683328A}.Debug|Any CPU.ActiveCfg = Debug|Any CPU
		{8383F554-737F-4DCC-AECB-7137A683328A}.Debug|Any CPU.Build.0 = Debug|Any CPU
		{8383F554-737F-4DCC-AECB-7137A683328A}.Release|Any CPU.ActiveCfg = Release|Any CPU
		{8383F554-737F-4DCC-AECB-7137A683328A}.Release|Any CPU.Build.0 = Release|Any CPU
		{4F3B3F3E-19C6-4673-A267-C6005D74876D}.Debug|Any CPU.ActiveCfg = Debug|Any CPU
		{4F3B3F3E-19C6-4673-A267-C6005D74876D}.Debug|Any CPU.Build.0 = Debug|Any CPU
		{4F3B3F3E-19C6-4673-A267-C6005D74876D}.Release|Any CPU.ActiveCfg = Release|Any CPU
		{4F3B3F3E-19C6-4673-A267-C6005D74876D}.Release|Any CPU.Build.0 = Release|Any CPU
		{BDFBA6F0-4E65-4A21-B93D-5D59C8CB20C9}.Debug|Any CPU.ActiveCfg = Debug|Any CPU
		{BDFBA6F0-4E65-4A21-B93D-5D59C8CB20C9}.Debug|Any CPU.Build.0 = Debug|Any CPU
		{BDFBA6F0-4E65-4A21-B93D-5D59C8CB20C9}.Release|Any CPU.ActiveCfg = Release|Any CPU
		{BDFBA6F0-4E65-4A21-B93D-5D59C8CB20C9}.Release|Any CPU.Build.0 = Release|Any CPU
		{BCA67152-13D8-459C-B154-F25B4757425C}.Debug|Any CPU.ActiveCfg = Debug|Any CPU
		{BCA67152-13D8-459C-B154-F25B4757425C}.Debug|Any CPU.Build.0 = Debug|Any CPU
		{BCA67152-13D8-459C-B154-F25B4757425C}.Release|Any CPU.ActiveCfg = Release|Any CPU
		{BCA67152-13D8-459C-B154-F25B4757425C}.Release|Any CPU.Build.0 = Release|Any CPU
		{16C8EF0A-8EF6-4311-B0B2-585DFBEB0359}.Debug|Any CPU.ActiveCfg = Debug|Any CPU
		{16C8EF0A-8EF6-4311-B0B2-585DFBEB0359}.Debug|Any CPU.Build.0 = Debug|Any CPU
		{16C8EF0A-8EF6-4311-B0B2-585DFBEB0359}.Release|Any CPU.ActiveCfg = Release|Any CPU
		{16C8EF0A-8EF6-4311-B0B2-585DFBEB0359}.Release|Any CPU.Build.0 = Release|Any CPU
		{569710D7-AFCC-4D64-A89D-330648B21929}.Debug|Any CPU.ActiveCfg = Debug|Any CPU
		{569710D7-AFCC-4D64-A89D-330648B21929}.Debug|Any CPU.Build.0 = Debug|Any CPU
		{569710D7-AFCC-4D64-A89D-330648B21929}.Release|Any CPU.ActiveCfg = Release|Any CPU
		{569710D7-AFCC-4D64-A89D-330648B21929}.Release|Any CPU.Build.0 = Release|Any CPU
		{3C5BC655-3DD4-4A5A-8767-A59BE3DBBD23}.Debug|Any CPU.ActiveCfg = Debug|Any CPU
		{3C5BC655-3DD4-4A5A-8767-A59BE3DBBD23}.Debug|Any CPU.Build.0 = Debug|Any CPU
		{3C5BC655-3DD4-4A5A-8767-A59BE3DBBD23}.Release|Any CPU.ActiveCfg = Release|Any CPU
		{3C5BC655-3DD4-4A5A-8767-A59BE3DBBD23}.Release|Any CPU.Build.0 = Release|Any CPU
		{ECCB571D-E55C-401D-82E5-7C828AA42012}.Debug|Any CPU.ActiveCfg = Debug|Any CPU
		{ECCB571D-E55C-401D-82E5-7C828AA42012}.Debug|Any CPU.Build.0 = Debug|Any CPU
		{ECCB571D-E55C-401D-82E5-7C828AA42012}.Release|Any CPU.ActiveCfg = Release|Any CPU
		{ECCB571D-E55C-401D-82E5-7C828AA42012}.Release|Any CPU.Build.0 = Release|Any CPU
	EndGlobalSection
	GlobalSection(SolutionProperties) = preSolution
		HideSolutionNode = FALSE
	EndGlobalSection
	GlobalSection(NestedProjects) = preSolution
		{1C2AF9DE-0BF9-4F27-A59A-D3C8E8184BE4} = {02EA681E-C7D8-13C7-8484-4AC65E1B71E8}
		{59B024EB-DFB1-483A-8494-866463812F3A} = {DCFDC169-ECD4-4043-84F6-EE85569CCCD7}
		{8383F554-737F-4DCC-AECB-7137A683328A} = {DCFDC169-ECD4-4043-84F6-EE85569CCCD7}
		{4F3B3F3E-19C6-4673-A267-C6005D74876D} = {DCFDC169-ECD4-4043-84F6-EE85569CCCD7}
		{BDFBA6F0-4E65-4A21-B93D-5D59C8CB20C9} = {02EA681E-C7D8-13C7-8484-4AC65E1B71E8}
		{BCA67152-13D8-459C-B154-F25B4757425C} = {02EA681E-C7D8-13C7-8484-4AC65E1B71E8}
		{16C8EF0A-8EF6-4311-B0B2-585DFBEB0359} = {F14B3646-1A42-443D-9EBD-17FEDB5E8307}
		{569710D7-AFCC-4D64-A89D-330648B21929} = {F14B3646-1A42-443D-9EBD-17FEDB5E8307}
		{3C5BC655-3DD4-4A5A-8767-A59BE3DBBD23} = {F14B3646-1A42-443D-9EBD-17FEDB5E8307}
	EndGlobalSection
	GlobalSection(ExtensibilityGlobals) = postSolution
		SolutionGuid = {EFCC34A5-8A8C-4F9B-8FBD-1347C36B87D1}
	EndGlobalSection
EndGlobal
